<?xml version="1.0" encoding="utf-8"?>
<Project ToolsVersion="4.0" xmlns="http://schemas.microsoft.com/developer/msbuild/2003">
  <ItemGroup>
    <Filter Include="源文件">
      <UniqueIdentifier>{4FC737F1-C7A5-4376-A066-2A32D752A2FF}</UniqueIdentifier>
      <Extensions>cpp;c;cc;cxx;c++;cppm;ixx;def;odl;idl;hpj;bat;asm;asmx</Extensions>
    </Filter>
    <Filter Include="头文件">
      <UniqueIdentifier>{93995380-89BD-4b04-88EB-625FBE52EBFB}</UniqueIdentifier>
      <Extensions>h;hh;hpp;hxx;h++;hm;inl;inc;ipp;xsd</Extensions>
    </Filter>
    <Filter Include="资源文件">
      <UniqueIdentifier>{67DA6AB6-F800-4c08-8B7A-83BB121AAD01}</UniqueIdentifier>
      <Extensions>rc;ico;cur;bmp;dlg;rc2;rct;bin;rgs;gif;jpg;jpeg;jpe;resx;tiff;tif;png;wav;mfcribbon-ms</Extensions>
    </Filter>
    <Filter Include="base">
      <UniqueIdentifier>{885f65ab-2e01-492a-82fd-03d23be7d28b}</UniqueIdentifier>
    </Filter>
    <Filter Include="net">
      <UniqueIdentifier>{424d23b9-54e0-4ecb-a7b6-d14f37a40f53}</UniqueIdentifier>
    </Filter>
  </ItemGroup>
  <ItemGroup>
    <ClCompile Include="base\asynclogging.cpp">
      <Filter>base</Filter>
    </ClCompile>
    <ClCompile Include="base\countdownlatch.cpp">
      <Filter>base</Filter>
    </ClCompile>
    <ClCompile Include="base\fileutil.cpp">
      <Filter>base</Filter>
    </ClCompile>
    <ClCompile Include="base\logfile.cpp">
      <Filter>base</Filter>
    </ClCompile>
    <ClCompile Include="base\logging.cpp">
      <Filter>base</Filter>
    </ClCompile>
    <ClCompile Include="base\logstream.cpp">
      <Filter>base</Filter>
    </ClCompile>
    <ClCompile Include="base\MD5Sum.cpp">
      <Filter>base</Filter>
    </ClCompile>
    <ClCompile Include="base\profile.cpp">
      <Filter>base</Filter>
    </ClCompile>
    <ClCompile Include="base\profile_result.cpp">
      <Filter>base</Filter>
    </ClCompile>
    <ClCompile Include="base\shmmgr.cpp">
      <Filter>base</Filter>
    </ClCompile>
    <ClCompile Include="base\timestamp.cpp">
      <Filter>base</Filter>
    </ClCompile>
    <ClCompile Include="net\netbuffer.cpp">
      <Filter>net</Filter>
    </ClCompile>
    <ClCompile Include="config.cpp">
      <Filter>源文件</Filter>
    </ClCompile>
    <ClCompile Include="datamananger.cpp">
      <Filter>源文件</Filter>
    </ClCompile>
    <ClCompile Include="filemananger.cpp">
      <Filter>源文件</Filter>
    </ClCompile>
    <ClCompile Include="hqclient.cpp">
      <Filter>源文件</Filter>
    </ClCompile>
    <ClCompile Include="main.cpp">
      <Filter>源文件</Filter>
    </ClCompile>
    <ClCompile Include="statinfo.cpp">
      <Filter>源文件</Filter>
    </ClCompile>
    <ClCompile Include="tv.pb.cc">
      <Filter>源文件</Filter>
    </ClCompile>
  </ItemGroup>
  <ItemGroup>
    <ClInclude Include="base\asynclogging.h">
      <Filter>base</Filter>
    </ClInclude>
    <ClInclude Include="base\countdownlatch.h">
      <Filter>base</Filter>
    </ClInclude>
    <ClInclude Include="base\fileutil.h">
      <Filter>base</Filter>
    </ClInclude>
    <ClInclude Include="base\logfile.h">
      <Filter>base</Filter>
    </ClInclude>
    <ClInclude Include="base\logging.h">
      <Filter>base</Filter>
    </ClInclude>
    <ClInclude Include="base\logstream.h">
      <Filter>base</Filter>
    </ClInclude>
    <ClInclude Include="base\MD5Sum.h">
      <Filter>base</Filter>
    </ClInclude>
    <ClInclude Include="base\object_pool.h">
      <Filter>base</Filter>
    </ClInclude>
    <ClInclude Include="base\profile.h">
      <Filter>base</Filter>
    </ClInclude>
    <ClInclude Include="base\profile_result.h">
      <Filter>base</Filter>
    </ClInclude>
    <ClInclude Include="base\shmmgr.h">
      <Filter>base</Filter>
    </ClInclude>
    <ClInclude Include="base\singleton.h">
      <Filter>base</Filter>
    </ClInclude>
    <ClInclude Include="base\timestamp.h">
      <Filter>base</Filter>
    </ClInclude>
    <ClInclude Include="net\byteorder.h">
      <Filter>net</Filter>
    </ClInclude>
    <ClInclude Include="net\netbuffer.h">
      <Filter>net</Filter>
    </ClInclude>
    <ClInclude Include="config.h">
      <Filter>头文件</Filter>
    </ClInclude>
    <ClInclude Include="datamananger.h">
      <Filter>头文件</Filter>
    </ClInclude>
    <ClInclude Include="filemananger.h">
      <Filter>头文件</Filter>
    </ClInclude>
    <ClInclude Include="hqclient.h">
      <Filter>头文件</Filter>
    </ClInclude>
    <ClInclude Include="protocol.h">
      <Filter>头文件</Filter>
    </ClInclude>
    <ClInclude Include="statinfo.h">
      <Filter>头文件</Filter>
    </ClInclude>
    <ClInclude Include="tv.pb.h">
      <Filter>头文件</Filter>
    </ClInclude>
  </ItemGroup>
</Project>